{
  "lockfileVersion": 1,
  "workspaces": {
    "": {
      "name": "pptGen-backend",
      "dependencies": {
        "@google/generative-ai": "^0.24.1",
        "@react-email/components": "^0.3.3",
        "@types/pdf-parse": "^1.1.5",
        "better-auth": "^1.3.2",
        "dotenv": "^17.2.0",
        "hono": "^4.8.5",
        "mammoth": "^1.10.0",
        "mongodb": "^6.18.0",
        "mongoose": "^8.16.4",
        "pdf-lib": "^1.17.1",
        "pdf-parse": "^1.1.1",
        "pptxgenjs": "^4.0.1",
        "react": "^19.1.0",
        "resend": "^4.7.0",
      },
      "devDependencies": {
        "@types/bun": "latest",
      },
    },
  },
  "packages": {
    "@better-auth/utils": ["@better-auth/utils@0.2.5", "", { "dependencies": { "typescript": "^5.8.2", "uncrypto": "^0.1.3" } }, ""],

    "@better-fetch/fetch": ["@better-fetch/fetch@1.1.18", "", {}, ""],

    "@google/generative-ai": ["@google/generative-ai@0.24.1", "", {}, "sha512-MqO+MLfM6kjxcKoy0p1wRzG3b4ZZXtPI+z2IE26UogS2Cm/XHO+7gGRBh6gcJsOiIVoH93UwKvW4HdgiOZCy9Q=="],

    "@hexagon/base64": ["@hexagon/base64@1.1.28", "", {}, ""],

    "@levischuck/tiny-cbor": ["@levischuck/tiny-cbor@0.2.11", "", {}, ""],

    "@mongodb-js/saslprep": ["@mongodb-js/saslprep@1.3.0", "", { "dependencies": { "sparse-bitfield": "^3.0.3" } }, ""],

    "@noble/ciphers": ["@noble/ciphers@0.6.0", "", {}, ""],

    "@noble/hashes": ["@noble/hashes@1.8.0", "", {}, ""],

    "@pdf-lib/standard-fonts": ["@pdf-lib/standard-fonts@1.0.0", "", { "dependencies": { "pako": "^1.0.6" } }, "sha512-hU30BK9IUN/su0Mn9VdlVKsWBS6GyhVfqjwl1FjZN4TxP6cCw0jP2w7V3Hf5uX7M0AZJ16vey9yE0ny7Sa59ZA=="],

    "@pdf-lib/upng": ["@pdf-lib/upng@1.0.1", "", { "dependencies": { "pako": "^1.0.10" } }, "sha512-dQK2FUMQtowVP00mtIksrlZhdFXQZPC+taih1q4CvPZ5vqdxR/LKBaFg0oAfzd1GlHZXXSPdQfzQnt+ViGvEIQ=="],

    "@peculiar/asn1-android": ["@peculiar/asn1-android@2.4.0", "", { "dependencies": { "@peculiar/asn1-schema": "^2.4.0", "asn1js": "^3.0.6", "tslib": "^2.8.1" } }, ""],

    "@peculiar/asn1-ecc": ["@peculiar/asn1-ecc@2.4.0", "", { "dependencies": { "@peculiar/asn1-schema": "^2.4.0", "@peculiar/asn1-x509": "^2.4.0", "asn1js": "^3.0.6", "tslib": "^2.8.1" } }, ""],

    "@peculiar/asn1-rsa": ["@peculiar/asn1-rsa@2.4.0", "", { "dependencies": { "@peculiar/asn1-schema": "^2.4.0", "@peculiar/asn1-x509": "^2.4.0", "asn1js": "^3.0.6", "tslib": "^2.8.1" } }, ""],

    "@peculiar/asn1-schema": ["@peculiar/asn1-schema@2.4.0", "", { "dependencies": { "asn1js": "^3.0.6", "pvtsutils": "^1.3.6", "tslib": "^2.8.1" } }, ""],

    "@peculiar/asn1-x509": ["@peculiar/asn1-x509@2.4.0", "", { "dependencies": { "@peculiar/asn1-schema": "^2.4.0", "asn1js": "^3.0.6", "pvtsutils": "^1.3.6", "tslib": "^2.8.1" } }, ""],

    "@react-email/body": ["@react-email/body@0.0.11", "", { "peerDependencies": { "react": "^18.0 || ^19.0 || ^19.0.0-rc" } }, "sha512-ZSD2SxVSgUjHGrB0Wi+4tu3MEpB4fYSbezsFNEJk2xCWDBkFiOeEsjTmR5dvi+CxTK691hQTQlHv0XWuP7ENTg=="],

    "@react-email/button": ["@react-email/button@0.2.0", "", { "peerDependencies": { "react": "^18.0 || ^19.0 || ^19.0.0-rc" } }, "sha512-8i+v6cMxr2emz4ihCrRiYJPp2/sdYsNNsBzXStlcA+/B9Umpm5Jj3WJKYpgTPM+aeyiqlG/MMI1AucnBm4f1oQ=="],

    "@react-email/code-block": ["@react-email/code-block@0.1.0", "", { "dependencies": { "prismjs": "^1.30.0" }, "peerDependencies": { "react": "^18.0 || ^19.0 || ^19.0.0-rc" } }, "sha512-jSpHFsgqnQXxDIssE4gvmdtFncaFQz5D6e22BnVjcCPk/udK+0A9jRwGFEG8JD2si9ZXBmU4WsuqQEczuZn4ww=="],

    "@react-email/code-inline": ["@react-email/code-inline@0.0.5", "", { "peerDependencies": { "react": "^18.0 || ^19.0 || ^19.0.0-rc" } }, "sha512-MmAsOzdJpzsnY2cZoPHFPk6uDO/Ncpb4Kh1hAt9UZc1xOW3fIzpe1Pi9y9p6wwUmpaeeDalJxAxH6/fnTquinA=="],

    "@react-email/column": ["@react-email/column@0.0.13", "", { "peerDependencies": { "react": "^18.0 || ^19.0 || ^19.0.0-rc" } }, "sha512-Lqq17l7ShzJG/d3b1w/+lVO+gp2FM05ZUo/nW0rjxB8xBICXOVv6PqjDnn3FXKssvhO5qAV20lHM6S+spRhEwQ=="],

    "@react-email/components": ["@react-email/components@0.3.3", "", { "dependencies": { "@react-email/body": "0.0.11", "@react-email/button": "0.2.0", "@react-email/code-block": "0.1.0", "@react-email/code-inline": "0.0.5", "@react-email/column": "0.0.13", "@react-email/container": "0.0.15", "@react-email/font": "0.0.9", "@react-email/head": "0.0.12", "@react-email/heading": "0.0.15", "@react-email/hr": "0.0.11", "@react-email/html": "0.0.11", "@react-email/img": "0.0.11", "@react-email/link": "0.0.12", "@react-email/markdown": "0.0.15", "@react-email/preview": "0.0.13", "@react-email/render": "1.1.4", "@react-email/row": "0.0.12", "@react-email/section": "0.0.16", "@react-email/tailwind": "1.2.2", "@react-email/text": "0.1.5" }, "peerDependencies": { "react": "^18.0 || ^19.0 || ^19.0.0-rc" } }, "sha512-MHs5HzWroICsZmnOqsQQIepMIjqV7X3k/UVQqdzbcLyIQ6L8l1cTODZutyyDDPK1th+AF1iSZtUnt7xr8dxKiw=="],

    "@react-email/container": ["@react-email/container@0.0.15", "", { "peerDependencies": { "react": "^18.0 || ^19.0 || ^19.0.0-rc" } }, "sha512-Qo2IQo0ru2kZq47REmHW3iXjAQaKu4tpeq/M8m1zHIVwKduL2vYOBQWbC2oDnMtWPmkBjej6XxgtZByxM6cCFg=="],

    "@react-email/font": ["@react-email/font@0.0.9", "", { "peerDependencies": { "react": "^18.0 || ^19.0 || ^19.0.0-rc" } }, "sha512-4zjq23oT9APXkerqeslPH3OZWuh5X4crHK6nx82mVHV2SrLba8+8dPEnWbaACWTNjOCbcLIzaC9unk7Wq2MIXw=="],

    "@react-email/head": ["@react-email/head@0.0.12", "", { "peerDependencies": { "react": "^18.0 || ^19.0 || ^19.0.0-rc" } }, "sha512-X2Ii6dDFMF+D4niNwMAHbTkeCjlYYnMsd7edXOsi0JByxt9wNyZ9EnhFiBoQdqkE+SMDcu8TlNNttMrf5sJeMA=="],

    "@react-email/heading": ["@react-email/heading@0.0.15", "", { "peerDependencies": { "react": "^18.0 || ^19.0 || ^19.0.0-rc" } }, "sha512-xF2GqsvBrp/HbRHWEfOgSfRFX+Q8I5KBEIG5+Lv3Vb2R/NYr0s8A5JhHHGf2pWBMJdbP4B2WHgj/VUrhy8dkIg=="],

    "@react-email/hr": ["@react-email/hr@0.0.11", "", { "peerDependencies": { "react": "^18.0 || ^19.0 || ^19.0.0-rc" } }, "sha512-S1gZHVhwOsd1Iad5IFhpfICwNPMGPJidG/Uysy1AwmspyoAP5a4Iw3OWEpINFdgh9MHladbxcLKO2AJO+cA9Lw=="],

    "@react-email/html": ["@react-email/html@0.0.11", "", { "peerDependencies": { "react": "^18.0 || ^19.0 || ^19.0.0-rc" } }, "sha512-qJhbOQy5VW5qzU74AimjAR9FRFQfrMa7dn4gkEXKMB/S9xZN8e1yC1uA9C15jkXI/PzmJ0muDIWmFwatm5/+VA=="],

    "@react-email/img": ["@react-email/img@0.0.11", "", { "peerDependencies": { "react": "^18.0 || ^19.0 || ^19.0.0-rc" } }, "sha512-aGc8Y6U5C3igoMaqAJKsCpkbm1XjguQ09Acd+YcTKwjnC2+0w3yGUJkjWB2vTx4tN8dCqQCXO8FmdJpMfOA9EQ=="],

    "@react-email/link": ["@react-email/link@0.0.12", "", { "peerDependencies": { "react": "^18.0 || ^19.0 || ^19.0.0-rc" } }, "sha512-vF+xxQk2fGS1CN7UPQDbzvcBGfffr+GjTPNiWM38fhBfsLv6A/YUfaqxWlmL7zLzVmo0K2cvvV9wxlSyNba1aQ=="],

    "@react-email/markdown": ["@react-email/markdown@0.0.15", "", { "dependencies": { "md-to-react-email": "^5.0.5" }, "peerDependencies": { "react": "^18.0 || ^19.0 || ^19.0.0-rc" } }, "sha512-UQA9pVm5sbflgtg3EX3FquUP4aMBzmLReLbGJ6DZQZnAskBF36aI56cRykDq1o+1jT+CKIK1CducPYziaXliag=="],

    "@react-email/preview": ["@react-email/preview@0.0.13", "", { "peerDependencies": { "react": "^18.0 || ^19.0 || ^19.0.0-rc" } }, "sha512-F7j9FJ0JN/A4d7yr+aw28p4uX7VLWs7hTHtLo7WRyw4G+Lit6Zucq4UWKRxJC8lpsUdzVmG7aBJnKOT+urqs/w=="],

    "@react-email/render": ["@react-email/render@1.1.4", "", { "dependencies": { "html-to-text": "^9.0.5", "prettier": "^3.5.3", "react-promise-suspense": "^0.3.4" }, "peerDependencies": { "react": "^18.0 || ^19.0 || ^19.0.0-rc", "react-dom": "^18.0 || ^19.0 || ^19.0.0-rc" } }, "sha512-9ZFRrDB8AiRpacWDDXC5q14D5uCE1uR7iStbxAOHsL5vvAj8JGfCwl8zZ/BubVwALlIhFQiyJPCvGbyfbkPVuw=="],

    "@react-email/row": ["@react-email/row@0.0.12", "", { "peerDependencies": { "react": "^18.0 || ^19.0 || ^19.0.0-rc" } }, "sha512-HkCdnEjvK3o+n0y0tZKXYhIXUNPDx+2vq1dJTmqappVHXS5tXS6W5JOPZr5j+eoZ8gY3PShI2LWj5rWF7ZEtIQ=="],

    "@react-email/section": ["@react-email/section@0.0.16", "", { "peerDependencies": { "react": "^18.0 || ^19.0 || ^19.0.0-rc" } }, "sha512-FjqF9xQ8FoeUZYKSdt8sMIKvoT9XF8BrzhT3xiFKdEMwYNbsDflcjfErJe3jb7Wj/es/lKTbV5QR1dnLzGpL3w=="],

    "@react-email/tailwind": ["@react-email/tailwind@1.2.2", "", { "peerDependencies": { "react": "^18.0 || ^19.0 || ^19.0.0-rc" } }, "sha512-heO9Khaqxm6Ulm6p7HQ9h01oiiLRrZuuEQuYds/O7Iyp3c58sMVHZGIxiRXO/kSs857NZQycpjewEVKF3jhNTw=="],

    "@react-email/text": ["@react-email/text@0.1.5", "", { "peerDependencies": { "react": "^18.0 || ^19.0 || ^19.0.0-rc" } }, "sha512-o5PNHFSE085VMXayxH+SJ1LSOtGsTv+RpNKnTiJDrJUwoBu77G3PlKOsZZQHCNyD28WsQpl9v2WcJLbQudqwPg=="],

    "@selderee/plugin-htmlparser2": ["@selderee/plugin-htmlparser2@0.11.0", "", { "dependencies": { "domhandler": "^5.0.3", "selderee": "^0.11.0" } }, "sha512-P33hHGdldxGabLFjPPpaTxVolMrzrcegejx+0GxjrIb9Zv48D8yAIA/QTDR2dFl7Uz7urX8aX6+5bCZslr+gWQ=="],

    "@simplewebauthn/browser": ["@simplewebauthn/browser@13.1.2", "", {}, ""],

    "@simplewebauthn/server": ["@simplewebauthn/server@13.1.2", "", { "dependencies": { "@hexagon/base64": "^1.1.27", "@levischuck/tiny-cbor": "^0.2.2", "@peculiar/asn1-android": "^2.3.10", "@peculiar/asn1-ecc": "^2.3.8", "@peculiar/asn1-rsa": "^2.3.8", "@peculiar/asn1-schema": "^2.3.8", "@peculiar/asn1-x509": "^2.3.8" } }, ""],

    "@types/bun": ["@types/bun@1.2.19", "", { "dependencies": { "bun-types": "1.2.19" } }, "sha512-d9ZCmrH3CJ2uYKXQIUuZ/pUnTqIvLDS0SK7pFmbx8ma+ziH/FRMoAq5bYpRG7y+w1gl+HgyNZbtqgMq4W4e2Lg=="],

    "@types/node": ["@types/node@24.0.15", "", { "dependencies": { "undici-types": "~7.8.0" } }, ""],

    "@types/pdf-parse": ["@types/pdf-parse@1.1.5", "", { "dependencies": { "@types/node": "*" } }, "sha512-kBfrSXsloMnUJOKi25s3+hRmkycHfLK6A09eRGqF/N8BkQoPUmaCr+q8Cli5FnfohEz/rsv82zAiPz/LXtOGhA=="],

    "@types/react": ["@types/react@19.1.8", "", { "dependencies": { "csstype": "^3.0.2" } }, ""],

    "@types/webidl-conversions": ["@types/webidl-conversions@7.0.3", "", {}, ""],

    "@types/whatwg-url": ["@types/whatwg-url@11.0.5", "", { "dependencies": { "@types/webidl-conversions": "*" } }, ""],

    "@xmldom/xmldom": ["@xmldom/xmldom@0.8.11", "", {}, "sha512-cQzWCtO6C8TQiYl1ruKNn2U6Ao4o4WBBcbL61yJl84x+j5sOWWFU9X7DpND8XZG3daDppSsigMdfAIl2upQBRw=="],

    "argparse": ["argparse@1.0.10", "", { "dependencies": { "sprintf-js": "~1.0.2" } }, "sha512-o5Roy6tNG4SL/FOkCAN6RzjiakZS25RLYFrcMttJqbdd8BWrnA+fGz57iN5Pb06pvBGvl5gQ0B48dJlslXvoTg=="],

    "asn1js": ["asn1js@3.0.6", "", { "dependencies": { "pvtsutils": "^1.3.6", "pvutils": "^1.1.3", "tslib": "^2.8.1" } }, ""],

    "base64-js": ["base64-js@1.5.1", "", {}, "sha512-AKpaYlHn8t4SVbOHCy+b5+KKgvR4vrsD8vbvrbiQJps7fKDTkjkDry6ji0rUJjC0kzbNePLwzxq8iypo41qeWA=="],

    "better-auth": ["better-auth@1.3.2", "", { "dependencies": { "@better-auth/utils": "0.2.5", "@better-fetch/fetch": "^1.1.18", "@noble/ciphers": "^0.6.0", "@noble/hashes": "^1.8.0", "@simplewebauthn/browser": "^13.0.0", "@simplewebauthn/server": "^13.0.0", "better-call": "^1.0.12", "defu": "^6.1.4", "jose": "^5.9.6", "kysely": "^0.28.1", "nanostores": "^0.11.3", "zod": "^4.0.5" }, "peerDependencies": { "react": "^18.0.0 || ^19.0.0", "react-dom": "^18.0.0 || ^19.0.0" } }, ""],

    "better-call": ["better-call@1.0.12", "", { "dependencies": { "@better-fetch/fetch": "^1.1.4", "rou3": "^0.5.1", "set-cookie-parser": "^2.7.1", "uncrypto": "^0.1.3" } }, ""],

    "bluebird": ["bluebird@3.4.7", "", {}, "sha512-iD3898SR7sWVRHbiQv+sHUtHnMvC1o3nW5rAcqnq3uOn07DSAppZYUkIGslDz6gXC7HfunPe7YVBgoEJASPcHA=="],

    "bson": ["bson@6.10.4", "", {}, ""],

    "bun-types": ["bun-types@1.2.19", "", { "dependencies": { "@types/node": "*" }, "peerDependencies": { "@types/react": "^19" } }, ""],

    "core-util-is": ["core-util-is@1.0.3", "", {}, "sha512-ZQBvi1DcpJ4GDqanjucZ2Hj3wEO5pZDS89BWbkcrvdxksJorwUDDZamX9ldFkp9aw2lmBDLgkObEA4DWNJ9FYQ=="],

    "csstype": ["csstype@3.1.3", "", {}, ""],

    "debug": ["debug@3.2.7", "", { "dependencies": { "ms": "^2.1.1" } }, "sha512-CFjzYYAi4ThfiQvizrFQevTTXHtnCqWfe7x1AhgEscTz6ZbLbfoLRLPugTQyBth6f8ZERVUSyWHFD/7Wu4t1XQ=="],

    "deepmerge": ["deepmerge@4.3.1", "", {}, ""],

    "defu": ["defu@6.1.4", "", {}, ""],

    "dingbat-to-unicode": ["dingbat-to-unicode@1.0.1", "", {}, "sha512-98l0sW87ZT58pU4i61wa2OHwxbiYSbuxsCBozaVnYX2iCnr3bLM3fIes1/ej7h1YdOKuKt/MLs706TVnALA65w=="],

    "dom-serializer": ["dom-serializer@2.0.0", "", { "dependencies": { "domelementtype": "^2.3.0", "domhandler": "^5.0.2", "entities": "^4.2.0" } }, "sha512-wIkAryiqt/nV5EQKqQpo3SToSOV9J0DnbJqwK7Wv/Trc92zIAYZ4FlMu+JPFW1DfGFt81ZTCGgDEabffXeLyJg=="],

    "domelementtype": ["domelementtype@2.3.0", "", {}, "sha512-OLETBj6w0OsagBwdXnPdN0cnMfF9opN69co+7ZrbfPGrdpPVNBUj02spi6B1N7wChLQiPn4CSH/zJvXw56gmHw=="],

    "domhandler": ["domhandler@5.0.3", "", { "dependencies": { "domelementtype": "^2.3.0" } }, "sha512-cgwlv/1iFQiFnU96XXgROh8xTeetsnJiDsTc7TYCLFd9+/WNkIqPTxiM/8pSd8VIrhXGTf1Ny1q1hquVqDJB5w=="],

    "domutils": ["domutils@3.2.2", "", { "dependencies": { "dom-serializer": "^2.0.0", "domelementtype": "^2.3.0", "domhandler": "^5.0.3" } }, "sha512-6kZKyUajlDuqlHKVX1w7gyslj9MPIXzIFiz/rGu35uC1wMi+kMhQwGhl4lt9unC9Vb9INnY9Z3/ZA3+FhASLaw=="],

    "dotenv": ["dotenv@17.2.0", "", {}, ""],

    "duck": ["duck@0.1.12", "", { "dependencies": { "underscore": "^1.13.1" } }, "sha512-wkctla1O6VfP89gQ+J/yDesM0S7B7XLXjKGzXxMDVFg7uEn706niAtyYovKbyq1oT9YwDcly721/iUWoc8MVRg=="],

    "entities": ["entities@4.5.0", "", {}, "sha512-V0hjH4dGPh9Ao5p0MoRY6BVqtwCjhz6vI5LT8AJ55H+4g9/4vbHx1I54fS0XuclLhDHArPQCiMjDxjaL8fPxhw=="],

    "fast-deep-equal": ["fast-deep-equal@2.0.1", "", {}, "sha512-bCK/2Z4zLidyB4ReuIsvALH6w31YfAQDmXMqMx6FyfHqvBxtjC0eRumeSu4Bs3XtXwpyIywtSTrVT99BxY1f9w=="],

    "hono": ["hono@4.8.9", "", {}, ""],

    "html-to-text": ["html-to-text@9.0.5", "", { "dependencies": { "@selderee/plugin-htmlparser2": "^0.11.0", "deepmerge": "^4.3.1", "dom-serializer": "^2.0.0", "htmlparser2": "^8.0.2", "selderee": "^0.11.0" } }, "sha512-qY60FjREgVZL03vJU6IfMV4GDjGBIoOyvuFdpBDIX9yTlDw0TjxVBQp+P8NvpdIXNJvfWBTNul7fsAQJq2FNpg=="],

    "htmlparser2": ["htmlparser2@8.0.2", "", { "dependencies": { "domelementtype": "^2.3.0", "domhandler": "^5.0.3", "domutils": "^3.0.1", "entities": "^4.4.0" } }, "sha512-GYdjWKDkbRLkZ5geuHs5NY1puJ+PXwP7+fHPRz06Eirsb9ugf6d8kkXav6ADhcODhFFPMIXyxkxSuMf3D6NCFA=="],

    "https": ["https@1.0.0", "", {}, "sha512-4EC57ddXrkaF0x83Oj8sM6SLQHAWXw90Skqu2M4AEWENZ3F02dFJE/GARA8igO79tcgYqGrD7ae4f5L3um2lgg=="],

    "image-size": ["image-size@1.2.1", "", { "dependencies": { "queue": "6.0.2" }, "bin": { "image-size": "bin/image-size.js" } }, "sha512-rH+46sQJ2dlwfjfhCyNx5thzrv+dtmBIhPHk0zgRUukHzZ/kRueTJXoYYsclBaKcSMBWuGbOFXtioLpzTb5euw=="],

    "immediate": ["immediate@3.0.6", "", {}, "sha512-XXOFtyqDjNDAQxVfYxuF7g9Il/IbWmmlQg2MYKOH8ExIT1qg6xc4zyS3HaEEATgs1btfzxq15ciUiY7gjSXRGQ=="],

    "inherits": ["inherits@2.0.4", "", {}, "sha512-k/vGaX4/Yla3WzyMCvTQOXYeIHvqOKtnqBduzTHpzpQZzAskKMhZ2K+EnBiSM9zGSoIFeMpXKxa4dYeZIQqewQ=="],

    "isarray": ["isarray@1.0.0", "", {}, "sha512-VLghIWNM6ELQzo7zwmcg0NmTVyWKYjvIeM83yjp0wRDTmUnrM678fQbcKBo6n2CJEF0szoG//ytg+TKla89ALQ=="],

    "jose": ["jose@5.10.0", "", {}, ""],

    "jszip": ["jszip@3.10.1", "", { "dependencies": { "lie": "~3.3.0", "pako": "~1.0.2", "readable-stream": "~2.3.6", "setimmediate": "^1.0.5" } }, "sha512-xXDvecyTpGLrqFrvkrUSoxxfJI5AH7U8zxxtVclpsUtMCq4JQ290LY8AW5c7Ggnr/Y/oK+bQMbqK2qmtk3pN4g=="],

    "kareem": ["kareem@2.6.3", "", {}, ""],

    "kysely": ["kysely@0.28.3", "", {}, ""],

    "leac": ["leac@0.6.0", "", {}, "sha512-y+SqErxb8h7nE/fiEX07jsbuhrpO9lL8eca7/Y1nuWV2moNlXhyd59iDGcRf6moVyDMbmTNzL40SUyrFU/yDpg=="],

    "lie": ["lie@3.3.0", "", { "dependencies": { "immediate": "~3.0.5" } }, "sha512-UaiMJzeWRlEujzAuw5LokY1L5ecNQYZKfmyZ9L7wDHb/p5etKaxXhohBcrw0EYby+G/NA52vRSN4N39dxHAIwQ=="],

    "lop": ["lop@0.4.2", "", { "dependencies": { "duck": "^0.1.12", "option": "~0.2.1", "underscore": "^1.13.1" } }, "sha512-RefILVDQ4DKoRZsJ4Pj22TxE3omDO47yFpkIBoDKzkqPRISs5U1cnAdg/5583YPkWPaLIYHOKRMQSvjFsO26cw=="],

    "mammoth": ["mammoth@1.10.0", "", { "dependencies": { "@xmldom/xmldom": "^0.8.6", "argparse": "~1.0.3", "base64-js": "^1.5.1", "bluebird": "~3.4.0", "dingbat-to-unicode": "^1.0.1", "jszip": "^3.7.1", "lop": "^0.4.2", "path-is-absolute": "^1.0.0", "underscore": "^1.13.1", "xmlbuilder": "^10.0.0" }, "bin": { "mammoth": "bin/mammoth" } }, "sha512-9HOmqt8uJ5rz7q8XrECU5gRjNftCq4GNG0YIrA6f9iQPCeLgpvgcmRBHi9NQWJQIpT/MAXeg1oKliAK1xoB3eg=="],

    "marked": ["marked@7.0.4", "", { "bin": "bin/marked.js" }, "sha512-t8eP0dXRJMtMvBojtkcsA7n48BkauktUKzfkPSCq85ZMTJ0v76Rke4DYz01omYpPTUh4p/f7HePgRo3ebG8+QQ=="],

    "md-to-react-email": ["md-to-react-email@5.0.5", "", { "dependencies": { "marked": "7.0.4" }, "peerDependencies": { "react": "^18.0 || ^19.0" } }, "sha512-OvAXqwq57uOk+WZqFFNCMZz8yDp8BD3WazW1wAKHUrPbbdr89K9DWS6JXY09vd9xNdPNeurI8DU/X4flcfaD8A=="],

    "memory-pager": ["memory-pager@1.5.0", "", {}, ""],

    "mongodb": ["mongodb@6.18.0", "", { "dependencies": { "@mongodb-js/saslprep": "^1.1.9", "bson": "^6.10.4", "mongodb-connection-string-url": "^3.0.0" }, "peerDependencies": { "@aws-sdk/credential-providers": "^3.188.0", "@mongodb-js/zstd": "^1.1.0 || ^2.0.0", "gcp-metadata": "^5.2.0", "kerberos": "^2.0.1", "mongodb-client-encryption": ">=6.0.0 <7", "snappy": "^7.2.2", "socks": "^2.7.1" }, "optionalPeers": ["@aws-sdk/credential-providers", "@mongodb-js/zstd", "gcp-metadata", "kerberos", "mongodb-client-encryption", "snappy", "socks"] }, "sha512-fO5ttN9VC8P0F5fqtQmclAkgXZxbIkYRTUi1j8JO6IYwvamkhtYDilJr35jOPELR49zqCJgXZWwCtW7B+TM8vQ=="],

    "mongodb-connection-string-url": ["mongodb-connection-string-url@3.0.2", "", { "dependencies": { "@types/whatwg-url": "^11.0.2", "whatwg-url": "^14.1.0 || ^13.0.0" } }, ""],

    "mongoose": ["mongoose@8.16.4", "", { "dependencies": { "bson": "^6.10.4", "kareem": "2.6.3", "mongodb": "~6.17.0", "mpath": "0.9.0", "mquery": "5.0.0", "ms": "2.1.3", "sift": "17.1.3" } }, ""],

    "mpath": ["mpath@0.9.0", "", {}, ""],

    "mquery": ["mquery@5.0.0", "", { "dependencies": { "debug": "4.x" } }, ""],

    "ms": ["ms@2.1.3", "", {}, ""],

    "nanostores": ["nanostores@0.11.4", "", {}, ""],

    "node-ensure": ["node-ensure@0.0.0", "", {}, "sha512-DRI60hzo2oKN1ma0ckc6nQWlHU69RH6xN0sjQTjMpChPfTYvKZdcQFfdYK2RWbJcKyUizSIy/l8OTGxMAM1QDw=="],

    "option": ["option@0.2.4", "", {}, "sha512-pkEqbDyl8ou5cpq+VsnQbe/WlEy5qS7xPzMS1U55OCG9KPvwFD46zDbxQIj3egJSFc3D+XhYOPUzz49zQAVy7A=="],

    "pako": ["pako@1.0.11", "", {}, "sha512-4hLB8Py4zZce5s4yd9XzopqwVv/yGNhV1Bl8NTmCq1763HeK2+EwVTv+leGeL13Dnh2wfbqowVPXCIO0z4taYw=="],

    "parseley": ["parseley@0.12.1", "", { "dependencies": { "leac": "^0.6.0", "peberminta": "^0.9.0" } }, "sha512-e6qHKe3a9HWr0oMRVDTRhKce+bRO8VGQR3NyVwcjwrbhMmFCX9KszEV35+rn4AdilFAq9VPxP/Fe1wC9Qjd2lw=="],

    "path-is-absolute": ["path-is-absolute@1.0.1", "", {}, "sha512-AVbw3UJ2e9bq64vSaS9Am0fje1Pa8pbGqTTsmXfaIiMpnr5DlDhfJOuLj9Sf95ZPVDAUerDfEk88MPmPe7UCQg=="],

    "pdf-lib": ["pdf-lib@1.17.1", "", { "dependencies": { "@pdf-lib/standard-fonts": "^1.0.0", "@pdf-lib/upng": "^1.0.1", "pako": "^1.0.11", "tslib": "^1.11.1" } }, "sha512-V/mpyJAoTsN4cnP31vc0wfNA1+p20evqqnap0KLoRUN0Yk/p3wN52DOEsL4oBFcLdb76hlpKPtzJIgo67j/XLw=="],

    "pdf-parse": ["pdf-parse@1.1.1", "", { "dependencies": { "debug": "^3.1.0", "node-ensure": "^0.0.0" } }, "sha512-v6ZJ/efsBpGrGGknjtq9J/oC8tZWq0KWL5vQrk2GlzLEQPUDB1ex+13Rmidl1neNN358Jn9EHZw5y07FFtaC7A=="],

    "peberminta": ["peberminta@0.9.0", "", {}, "sha512-XIxfHpEuSJbITd1H3EeQwpcZbTLHc+VVr8ANI9t5sit565tsI4/xK3KWTUFE2e6QiangUkh3B0jihzmGnNrRsQ=="],

    "pptxgenjs": ["pptxgenjs@4.0.1", "", { "dependencies": { "@types/node": "^22.8.1", "https": "^1.0.0", "image-size": "^1.2.1", "jszip": "^3.10.1" } }, "sha512-TeJISr8wouAuXw4C1F/mC33xbZs/FuEG6nH9FG1Zj+nuPcGMP5YRHl6X+j3HSUnS1f3at6k75ZZXPMZlA5Lj9A=="],

    "prettier": ["prettier@3.6.2", "", { "bin": "bin/prettier.cjs" }, "sha512-I7AIg5boAr5R0FFtJ6rCfD+LFsWHp81dolrFD8S79U9tb8Az2nGrJncnMSnys+bpQJfRUzqs9hnA81OAA3hCuQ=="],

    "prismjs": ["prismjs@1.30.0", "", {}, "sha512-DEvV2ZF2r2/63V+tK8hQvrR2ZGn10srHbXviTlcv7Kpzw8jWiNTqbVgjO3IY8RxrrOUF8VPMQQFysYYYv0YZxw=="],

    "process-nextick-args": ["process-nextick-args@2.0.1", "", {}, "sha512-3ouUOpQhtgrbOa17J7+uxOTpITYWaGP7/AhoR3+A+/1e9skrzelGi/dXzEYyvbxubEF6Wn2ypscTKiKJFFn1ag=="],

    "punycode": ["punycode@2.3.1", "", {}, ""],

    "pvtsutils": ["pvtsutils@1.3.6", "", { "dependencies": { "tslib": "^2.8.1" } }, ""],

    "pvutils": ["pvutils@1.1.3", "", {}, ""],

    "queue": ["queue@6.0.2", "", { "dependencies": { "inherits": "~2.0.3" } }, "sha512-iHZWu+q3IdFZFX36ro/lKBkSvfkztY5Y7HMiPlOUjhupPcG2JMfst2KKEpu5XndviX/3UhFbRngUPNKtgvtZiA=="],

    "react": ["react@19.1.1", "", {}, "sha512-w8nqGImo45dmMIfljjMwOGtbmC/mk4CMYhWIicdSflH91J9TyCyczcPFXJzrZ/ZXcgGRFeP6BU0BEJTw6tZdfQ=="],

    "react-dom": ["react-dom@19.1.1", "", { "dependencies": { "scheduler": "^0.26.0" }, "peerDependencies": { "react": "^19.1.1" } }, "sha512-Dlq/5LAZgF0Gaz6yiqZCf6VCcZs1ghAJyrsu84Q/GT0gV+mCxbfmKNoGRKBYMJ8IEdGPqu49YWXD02GCknEDkw=="],

    "react-promise-suspense": ["react-promise-suspense@0.3.4", "", { "dependencies": { "fast-deep-equal": "^2.0.1" } }, "sha512-I42jl7L3Ze6kZaq+7zXWSunBa3b1on5yfvUW6Eo/3fFOj6dZ5Bqmcd264nJbTK/gn1HjjILAjSwnZbV4RpSaNQ=="],

    "readable-stream": ["readable-stream@2.3.8", "", { "dependencies": { "core-util-is": "~1.0.0", "inherits": "~2.0.3", "isarray": "~1.0.0", "process-nextick-args": "~2.0.0", "safe-buffer": "~5.1.1", "string_decoder": "~1.1.1", "util-deprecate": "~1.0.1" } }, "sha512-8p0AUk4XODgIewSi0l8Epjs+EVnWiK7NoDIEGU0HhE7+ZyY8D1IMY7odu5lRrFXGg71L15KG8QrPmum45RTtdA=="],

    "resend": ["resend@4.8.0", "", { "dependencies": { "@react-email/render": "1.1.2" } }, "sha512-R8eBOFQDO6dzRTDmaMEdpqrkmgSjPpVXt4nGfWsZdYOet0kqra0xgbvTES6HmCriZEXbmGk3e0DiGIaLFTFSHA=="],

    "rou3": ["rou3@0.5.1", "", {}, ""],

    "safe-buffer": ["safe-buffer@5.1.2", "", {}, "sha512-Gd2UZBJDkXlY7GbJxfsE8/nvKkUEU1G38c1siN6QP6a9PT9MmHB8GnpscSmMJSoF8LOIrt8ud/wPtojys4G6+g=="],

    "scheduler": ["scheduler@0.26.0", "", {}, "sha512-NlHwttCI/l5gCPR3D1nNXtWABUmBwvZpEQiD4IXSbIDq8BzLIK/7Ir5gTFSGZDUu37K5cMNp0hFtzO38sC7gWA=="],

    "selderee": ["selderee@0.11.0", "", { "dependencies": { "parseley": "^0.12.0" } }, "sha512-5TF+l7p4+OsnP8BCCvSyZiSPc4x4//p5uPwK8TCnVPJYRmU2aYKMpOXvw8zM5a5JvuuCGN1jmsMwuU2W02ukfA=="],

    "set-cookie-parser": ["set-cookie-parser@2.7.1", "", {}, ""],

    "setimmediate": ["setimmediate@1.0.5", "", {}, "sha512-MATJdZp8sLqDl/68LfQmbP8zKPLQNV6BIZoIgrscFDQ+RsvK/BxeDQOgyxKKoh0y/8h3BqVFnCqQ/gd+reiIXA=="],

    "sift": ["sift@17.1.3", "", {}, ""],

    "sparse-bitfield": ["sparse-bitfield@3.0.3", "", { "dependencies": { "memory-pager": "^1.0.2" } }, ""],

    "sprintf-js": ["sprintf-js@1.0.3", "", {}, "sha512-D9cPgkvLlV3t3IzL0D0YLvGA9Ahk4PcvVwUbN0dSGr1aP0Nrt4AEnTUbuGvquEC0mA64Gqt1fzirlRs5ibXx8g=="],

    "string_decoder": ["string_decoder@1.1.1", "", { "dependencies": { "safe-buffer": "~5.1.0" } }, "sha512-n/ShnvDi6FHbbVfviro+WojiFzv+s8MPMHBczVePfUpDJLwoLT0ht1l4YwBCbi8pJAveEEdnkHyPyTP/mzRfwg=="],

    "tr46": ["tr46@5.1.1", "", { "dependencies": { "punycode": "^2.3.1" } }, ""],

    "tslib": ["tslib@1.14.1", "", {}, "sha512-Xni35NKzjgMrwevysHTCArtLDpPvye8zV/0E4EyYn43P7/7qvQwPh9BGkHewbMulVntbigmcT7rdX3BNo9wRJg=="],

    "typescript": ["typescript@5.8.3", "", { "bin": { "tsc": "bin/tsc", "tsserver": "bin/tsserver" } }, ""],

    "uncrypto": ["uncrypto@0.1.3", "", {}, ""],

    "underscore": ["underscore@1.13.7", "", {}, "sha512-GMXzWtsc57XAtguZgaQViUOzs0KTkk8ojr3/xAxXLITqf/3EMwxC0inyETfDFjH/Krbhuep0HNbbjI9i/q3F3g=="],

    "undici-types": ["undici-types@7.8.0", "", {}, ""],

    "util-deprecate": ["util-deprecate@1.0.2", "", {}, "sha512-EPD5q1uXyFxJpCrLnCc1nHnq3gOa6DZBocAIiI2TaSCA7VCJ1UJDMagCzIkXNsUYfD1daK//LTEQ8xiIbrHtcw=="],

    "webidl-conversions": ["webidl-conversions@7.0.0", "", {}, ""],

    "whatwg-url": ["whatwg-url@14.2.0", "", { "dependencies": { "tr46": "^5.1.0", "webidl-conversions": "^7.0.0" } }, ""],

    "xmlbuilder": ["xmlbuilder@10.1.1", "", {}, "sha512-OyzrcFLL/nb6fMGHbiRDuPup9ljBycsdCypwuyg5AAHvyWzGfChJpCXMG88AGTIMFhGZ9RccFN1e6lhg3hkwKg=="],

    "zod": ["zod@4.0.5", "", {}, ""],

    "@peculiar/asn1-android/tslib": ["tslib@2.8.1", "", {}, ""],

    "@peculiar/asn1-ecc/tslib": ["tslib@2.8.1", "", {}, ""],

    "@peculiar/asn1-rsa/tslib": ["tslib@2.8.1", "", {}, ""],

    "@peculiar/asn1-schema/tslib": ["tslib@2.8.1", "", {}, ""],

    "@peculiar/asn1-x509/tslib": ["tslib@2.8.1", "", {}, ""],

    "asn1js/tslib": ["tslib@2.8.1", "", {}, ""],

    "mongoose/mongodb": ["mongodb@6.17.0", "", { "dependencies": { "@mongodb-js/saslprep": "^1.1.9", "bson": "^6.10.4", "mongodb-connection-string-url": "^3.0.0" }, "peerDependencies": { "@aws-sdk/credential-providers": "^3.188.0", "@mongodb-js/zstd": "^1.1.0 || ^2.0.0", "gcp-metadata": "^5.2.0", "kerberos": "^2.0.1", "mongodb-client-encryption": ">=6.0.0 <7", "snappy": "^7.2.2", "socks": "^2.7.1" }, "optionalPeers": ["@aws-sdk/credential-providers", "@mongodb-js/zstd", "gcp-metadata", "kerberos", "mongodb-client-encryption", "snappy", "socks"] }, ""],

    "mquery/debug": ["debug@4.4.1", "", { "dependencies": { "ms": "^2.1.3" } }, ""],

    "pptxgenjs/@types/node": ["@types/node@22.17.2", "", { "dependencies": { "undici-types": "~6.21.0" } }, "sha512-gL6z5N9Jm9mhY+U2KXZpteb+09zyffliRkZyZOHODGATyC5B1Jt/7TzuuiLkFsSUMLbS1OLmlj/E+/3KF4Q/4w=="],

    "pvtsutils/tslib": ["tslib@2.8.1", "", {}, ""],

    "resend/@react-email/render": ["@react-email/render@1.1.2", "", { "dependencies": { "html-to-text": "^9.0.5", "prettier": "^3.5.3", "react-promise-suspense": "^0.3.4" }, "peerDependencies": { "react": "^18.0 || ^19.0 || ^19.0.0-rc", "react-dom": "^18.0 || ^19.0 || ^19.0.0-rc" } }, "sha512-RnRehYN3v9gVlNMehHPHhyp2RQo7+pSkHDtXPvg3s0GbzM9SQMW4Qrf8GRNvtpLC4gsI+Wt0VatNRUFqjvevbw=="],

    "pptxgenjs/@types/node/undici-types": ["undici-types@6.21.0", "", {}, "sha512-iwDZqg0QAGrg9Rav5H4n0M64c3mkR59cJ6wQp+7C4nI0gsmExaedaYLNO44eT4AtBBwjbTiGPMlt2Md0T9H9JQ=="],
  }
}
